
Microsoft Visual Studio Solution File, Format Version 12.00
# Visual Studio Version 16
VisualStudioVersion = 16.0.29230.47
MinimumVisualStudioVersion = 10.0.40219.1
Project("{FAE04EC0-301F-11D3-BF4B-00C04F79EFBC}") = "DesignPatterns", "DesignPatterns\DesignPatterns.csproj", "{9F9A32E7-FAD7-478D-A551-9C7C90153606}"
EndProject
Global
	GlobalSection(SolutionConfigurationPlatforms) = preSolution
		Debug|Any CPU = Debug|Any CPU
		Release|Any CPU = Release|Any CPU
	EndGlobalSection
	GlobalSection(ProjectConfigurationPlatforms) = postSolution
		{9F9A32E7-FAD7-478D-A551-9C7C90153606}.Debug|Any CPU.ActiveCfg = Debug|Any CPU
		{9F9A32E7-FAD7-478D-A551-9C7C90153606}.Debug|Any CPU.Build.0 = Debug|Any CPU
		{9F9A32E7-FAD7-478D-A551-9C7C90153606}.Release|Any CPU.ActiveCfg = Release|Any CPU
		{9F9A32E7-FAD7-478D-A551-9C7C90153606}.Release|Any CPU.Build.0 = Release|Any CPU
	EndGlobalSection
	GlobalSection(SolutionProperties) = preSolution
		HideSolutionNode = FALSE
	EndGlobalSection
	GlobalSection(ExtensibilityGlobals) = postSolution
		SolutionGuid = {134A5FB4-F498-44EF-8F0A-92E75661696C}
	EndGlobalSection
EndGlobal
